
Microsoft Visual Studio Solution File, Format Version 12.00
# Visual Studio Version 16
VisualStudioVersion = 16.0.30413.136
MinimumVisualStudioVersion = 10.0.40219.1
Project("{FAE04EC0-301F-11D3-BF4B-00C04F79EFBC}") = "JwtAuthentication", "JwtAuthentication\JwtAuthentication.csproj", "{ACE0CFCB-271D-44E3-982E-2542DE939E88}"
EndProject
Global
	GlobalSection(SolutionConfigurationPlatforms) = preSolution
		Debug|Any CPU = Debug|Any CPU
		Release|Any CPU = Release|Any CPU
	EndGlobalSection
	GlobalSection(ProjectConfigurationPlatforms) = postSolution
		{ACE0CFCB-271D-44E3-982E-2542DE939E88}.Debug|Any CPU.ActiveCfg = Debug|Any CPU
		{ACE0CFCB-271D-44E3-982E-2542DE939E88}.Debug|Any CPU.Build.0 = Debug|Any CPU
		{ACE0CFCB-271D-44E3-982E-2542DE939E88}.Release|Any CPU.ActiveCfg = Release|Any CPU
		{ACE0CFCB-271D-44E3-982E-2542DE939E88}.Release|Any CPU.Build.0 = Release|Any CPU
	EndGlobalSection
	GlobalSection(SolutionProperties) = preSolution
		HideSolutionNode = FALSE
	EndGlobalSection
	GlobalSection(ExtensibilityGlobals) = postSolution
		SolutionGuid = {4A975FD6-CEEF-4275-A3A4-67A94FC51975}
	EndGlobalSection
EndGlobal
